
Microsoft Visual Studio Solution File, Format Version 12.00
# Visual Studio Version 17
VisualStudioVersion = 17.10.35027.167
MinimumVisualStudioVersion = 10.0.40219.1
Project("{9A19103F-16F7-4668-BE54-9A1E7A4F7556}") = "ThresholdYourKeyboard", "ThresholdYourKeyboard\ThresholdYourKeyboard.csproj", "{78D8581B-E095-4157-AB59-7994FD39EC64}"
EndProject
Project("{9A19103F-16F7-4668-BE54-9A1E7A4F7556}") = "ExtensionAbstraction", "Plugins\ExtensionAbstraction\ExtensionAbstraction.csproj", "{D36EE525-1C6C-402A-84E6-99D6731A1ECF}"
EndProject
Project("{9A19103F-16F7-4668-BE54-9A1E7A4F7556}") = "ThresholdAbsolute", "Plugins\ThresholdAbsolute\ThresholdAbsolute.csproj", "{E21D7DCB-AA0E-43CD-9AFF-53B465EBF32F}"
EndProject
Project("{2150E333-8FDC-42A3-9474-1A3956D46DE8}") = "Plugins", "Plugins", "{B1BC9C06-0CB3-44CE-8524-E4950062AB27}"
EndProject
Project("{9A19103F-16F7-4668-BE54-9A1E7A4F7556}") = "ThresholdRelative", "Plugins\ThresholdRelative\ThresholdRelative.csproj", "{D61E1C07-DD25-490A-BFF2-0858A40947D8}"
EndProject
Project("{FAE04EC0-301F-11D3-BF4B-00C04F79EFBC}") = "ThresholdYourKeyboardTest", "ThresholdYourKeyboardTest\ThresholdYourKeyboardTest.csproj", "{D9189CA8-D111-4B12-AD60-D404603D1A3F}"
EndProject
Global
	GlobalSection(SolutionConfigurationPlatforms) = preSolution
		Debug|Any CPU = Debug|Any CPU
		Release|Any CPU = Release|Any CPU
	EndGlobalSection
	GlobalSection(ProjectConfigurationPlatforms) = postSolution
		{78D8581B-E095-4157-AB59-7994FD39EC64}.Debug|Any CPU.ActiveCfg = Debug|Any CPU
		{78D8581B-E095-4157-AB59-7994FD39EC64}.Debug|Any CPU.Build.0 = Debug|Any CPU
		{78D8581B-E095-4157-AB59-7994FD39EC64}.Release|Any CPU.ActiveCfg = Release|Any CPU
		{78D8581B-E095-4157-AB59-7994FD39EC64}.Release|Any CPU.Build.0 = Release|Any CPU
		{D36EE525-1C6C-402A-84E6-99D6731A1ECF}.Debug|Any CPU.ActiveCfg = Debug|Any CPU
		{D36EE525-1C6C-402A-84E6-99D6731A1ECF}.Debug|Any CPU.Build.0 = Debug|Any CPU
		{D36EE525-1C6C-402A-84E6-99D6731A1ECF}.Release|Any CPU.ActiveCfg = Release|Any CPU
		{D36EE525-1C6C-402A-84E6-99D6731A1ECF}.Release|Any CPU.Build.0 = Release|Any CPU
		{E21D7DCB-AA0E-43CD-9AFF-53B465EBF32F}.Debug|Any CPU.ActiveCfg = Debug|Any CPU
		{E21D7DCB-AA0E-43CD-9AFF-53B465EBF32F}.Debug|Any CPU.Build.0 = Debug|Any CPU
		{E21D7DCB-AA0E-43CD-9AFF-53B465EBF32F}.Release|Any CPU.ActiveCfg = Release|Any CPU
		{E21D7DCB-AA0E-43CD-9AFF-53B465EBF32F}.Release|Any CPU.Build.0 = Release|Any CPU
		{D61E1C07-DD25-490A-BFF2-0858A40947D8}.Debug|Any CPU.ActiveCfg = Debug|Any CPU
		{D61E1C07-DD25-490A-BFF2-0858A40947D8}.Debug|Any CPU.Build.0 = Debug|Any CPU
		{D61E1C07-DD25-490A-BFF2-0858A40947D8}.Release|Any CPU.ActiveCfg = Release|Any CPU
		{D61E1C07-DD25-490A-BFF2-0858A40947D8}.Release|Any CPU.Build.0 = Release|Any CPU
		{D9189CA8-D111-4B12-AD60-D404603D1A3F}.Debug|Any CPU.ActiveCfg = Debug|Any CPU
		{D9189CA8-D111-4B12-AD60-D404603D1A3F}.Debug|Any CPU.Build.0 = Debug|Any CPU
		{D9189CA8-D111-4B12-AD60-D404603D1A3F}.Release|Any CPU.ActiveCfg = Release|Any CPU
		{D9189CA8-D111-4B12-AD60-D404603D1A3F}.Release|Any CPU.Build.0 = Release|Any CPU
	EndGlobalSection
	GlobalSection(SolutionProperties) = preSolution
		HideSolutionNode = FALSE
	EndGlobalSection
	GlobalSection(NestedProjects) = preSolution
		{D36EE525-1C6C-402A-84E6-99D6731A1ECF} = {B1BC9C06-0CB3-44CE-8524-E4950062AB27}
		{E21D7DCB-AA0E-43CD-9AFF-53B465EBF32F} = {B1BC9C06-0CB3-44CE-8524-E4950062AB27}
		{D61E1C07-DD25-490A-BFF2-0858A40947D8} = {B1BC9C06-0CB3-44CE-8524-E4950062AB27}
	EndGlobalSection
	GlobalSection(ExtensibilityGlobals) = postSolution
		SolutionGuid = {CA6A0B2A-B821-48F3-BC51-0C97A7E55205}
	EndGlobalSection
EndGlobal
